// !$*UTF8*$!
{
	archiveVersion = 1;
	classes = {
	};
	objectVersion = 55;
	objects = {

/* Begin PBXBuildFile section */
		66F8FBCF281FBC6A005DB959 /* AppDelegate.swift in Sources */ = {isa = PBXBuildFile; fileRef = 66F8FBCE281FBC6A005DB959 /* AppDelegate.swift */; };
		66F8FBD1281FBC6A005DB959 /* ContentView.swift in Sources */ = {isa = PBXBuildFile; fileRef = 66F8FBD0281FBC6A005DB959 /* ContentView.swift */; };
		66F8FBD3281FBC6A005DB959 /* Experience.rcproject in Sources */ = {isa = PBXBuildFile; fileRef = 66F8FBD2281FBC6A005DB959 /* Experience.rcproject */; };
		66F8FBD5281FBC6E005DB959 /* Assets.xcassets in Resources */ = {isa = PBXBuildFile; fileRef = 66F8FBD4281FBC6E005DB959 /* Assets.xcassets */; };
		66F8FBD8281FBC6E005DB959 /* Preview Assets.xcassets in Resources */ = {isa = PBXBuildFile; fileRef = 66F8FBD7281FBC6E005DB959 /* Preview Assets.xcassets */; };
		66F8FBE2281FBC6E005DB959 /* CourseWorkTests.swift in Sources */ = {isa = PBXBuildFile; fileRef = 66F8FBE1281FBC6E005DB959 /* CourseWorkTests.swift */; };
		66F8FBEC281FBC6E005DB959 /* CourseWorkUITests.swift in Sources */ = {isa = PBXBuildFile; fileRef = 66F8FBEB281FBC6E005DB959 /* CourseWorkUITests.swift */; };
		66F8FBEE281FBC6E005DB959 /* CourseWorkUITestsLaunchTests.swift in Sources */ = {isa = PBXBuildFile; fileRef = 66F8FBED281FBC6E005DB959 /* CourseWorkUITestsLaunchTests.swift */; };
/* End PBXBuildFile section */

/* Begin PBXContainerItemProxy section */
		66F8FBDE281FBC6E005DB959 /* PBXContainerItemProxy */ = {
			isa = PBXContainerItemProxy;
			containerPortal = 66F8FBC3281FBC6A005DB959 /* Project object */;
			proxyType = 1;
			remoteGlobalIDString = 66F8FBCA281FBC6A005DB959;
			remoteInfo = CourseWork;
		};
		66F8FBE8281FBC6E005DB959 /* PBXContainerItemProxy */ = {
			isa = PBXContainerItemProxy;
			containerPortal = 66F8FBC3281FBC6A005DB959 /* Project object */;
			proxyType = 1;
			remoteGlobalIDString = 66F8FBCA281FBC6A005DB959;
			remoteInfo = CourseWork;
		};
/* End PBXContainerItemProxy section */

/* Begin PBXFileReference section */
		66F8FBCB281FBC6A005DB959 /* CourseWork.app */ = {isa = PBXFileReference; explicitFileType = wrapper.application; includeInIndex = 0; path = CourseWork.app; sourceTree = BUILT_PRODUCTS_DIR; };
		66F8FBCE281FBC6A005DB959 /* AppDelegate.swift */ = {isa = PBXFileReference; lastKnownFileType = sourcecode.swift; path = AppDelegate.swift; sourceTree = "<group>"; };
		66F8FBD0281FBC6A005DB959 /* ContentView.swift */ = {isa = PBXFileReference; lastKnownFileType = sourcecode.swift; path = ContentView.swift; sourceTree = "<group>"; };
		66F8FBD2281FBC6A005DB959 /* Experience.rcproject */ = {isa = PBXFileReference; lastKnownFileType = file.rcproject; path = Experience.rcproject; sourceTree = "<group>"; };
		66F8FBD4281FBC6E005DB959 /* Assets.xcassets */ = {isa = PBXFileReference; lastKnownFileType = folder.assetcatalog; path = Assets.xcassets; sourceTree = "<group>"; };
		66F8FBD7281FBC6E005DB959 /* Preview Assets.xcassets */ = {isa = PBXFileReference; lastKnownFileType = folder.assetcatalog; path = "Preview Assets.xcassets"; sourceTree = "<group>"; };
		66F8FBDD281FBC6E005DB959 /* CourseWorkTests.xctest */ = {isa = PBXFileReference; explicitFileType = wrapper.cfbundle; includeInIndex = 0; path = CourseWorkTests.xctest; sourceTree = BUILT_PRODUCTS_DIR; };
		66F8FBE1281FBC6E005DB959 /* CourseWorkTests.swift */ = {isa = PBXFileReference; lastKnownFileType = sourcecode.swift; path = CourseWorkTests.swift; sourceTree = "<group>"; };
		66F8FBE7281FBC6E005DB959 /* CourseWorkUITests.xctest */ = {isa = PBXFileReference; explicitFileType = wrapper.cfbundle; includeInIndex = 0; path = CourseWorkUITests.xctest; sourceTree = BUILT_PRODUCTS_DIR; };
		66F8FBEB281FBC6E005DB959 /* CourseWorkUITests.swift */ = {isa = PBXFileReference; lastKnownFileType = sourcecode.swift; path = CourseWorkUITests.swift; sourceTree = "<group>"; };
		66F8FBED281FBC6E005DB959 /* CourseWorkUITestsLaunchTests.swift */ = {isa = PBXFileReference; lastKnownFileType = sourcecode.swift; path = CourseWorkUITestsLaunchTests.swift; sourceTree = "<group>"; };
/* End PBXFileReference section */

/* Begin PBXFrameworksBuildPhase section */
		66F8FBC8281FBC6A005DB959 /* Frameworks */ = {
			isa = PBXFrameworksBuildPhase;
			buildActionMask = 2147483647;
			files = (
			);
			runOnlyForDeploymentPostprocessing = 0;
		};
		66F8FBDA281FBC6E005DB959 /* Frameworks */ = {
			isa = PBXFrameworksBuildPhase;
			buildActionMask = 2147483647;
			files = (
			);
			runOnlyForDeploymentPostprocessing = 0;
		};
		66F8FBE4281FBC6E005DB959 /* Frameworks */ = {
			isa = PBXFrameworksBuildPhase;
			buildActionMask = 2147483647;
			files = (
			);
			runOnlyForDeploymentPostprocessing = 0;
		};
/* End PBXFrameworksBuildPhase section */

/* Begin PBXGroup section */
		66F8FBC2281FBC6A005DB959 = {
			isa = PBXGroup;
			children = (
				66F8FBCD281FBC6A005DB959 /* CourseWork */,
				66F8FBE0281FBC6E005DB959 /* CourseWorkTests */,
				66F8FBEA281FBC6E005DB959 /* CourseWorkUITests */,
				66F8FBCC281FBC6A005DB959 /* Products */,
			);
			sourceTree = "<group>";
		};
		66F8FBCC281FBC6A005DB959 /* Products */ = {
			isa = PBXGroup;
			children = (
				66F8FBCB281FBC6A005DB959 /* CourseWork.app */,
				66F8FBDD281FBC6E005DB959 /* CourseWorkTests.xctest */,
				66F8FBE7281FBC6E005DB959 /* CourseWorkUITests.xctest */,
			);
			name = Products;
			sourceTree = "<group>";
		};
		66F8FBCD281FBC6A005DB959 /* CourseWork */ = {
			isa = PBXGroup;
			children = (
				66F8FBCE281FBC6A005DB959 /* AppDelegate.swift */,
				66F8FBD0281FBC6A005DB959 /* ContentView.swift */,
				66F8FBD2281FBC6A005DB959 /* Experience.rcproject */,
				66F8FBD4281FBC6E005DB959 /* Assets.xcassets */,
				66F8FBD6281FBC6E005DB959 /* Preview Content */,
			);
			path = CourseWork;
			sourceTree = "<group>";
		};
		66F8FBD6281FBC6E005DB959 /* Preview Content */ = {
			isa = PBXGroup;
			children = (
				66F8FBD7281FBC6E005DB959 /* Preview Assets.xcassets */,
			);
			path = "Preview Content";
			sourceTree = "<group>";
		};
		66F8FBE0281FBC6E005DB959 /* CourseWorkTests */ = {
			isa = PBXGroup;
			children = (
				66F8FBE1281FBC6E005DB959 /* CourseWorkTests.swift */,
			);
			path = CourseWorkTests;
			sourceTree = "<group>";
		};
		66F8FBEA281FBC6E005DB959 /* CourseWorkUITests */ = {
			isa = PBXGroup;
			children = (
				66F8FBEB281FBC6E005DB959 /* CourseWorkUITests.swift */,
				66F8FBED281FBC6E005DB959 /* CourseWorkUITestsLaunchTests.swift */,
			);
			path = CourseWorkUITests;
			sourceTree = "<group>";
		};
/* End PBXGroup section */

/* Begin PBXNativeTarget section */
		66F8FBCA281FBC6A005DB959 /* CourseWork */ = {
			isa = PBXNativeTarget;
			buildConfigurationList = 66F8FBF1281FBC6E005DB959 /* Build configuration list for PBXNativeTarget "CourseWork" */;
			buildPhases = (
				66F8FBC7281FBC6A005DB959 /* Sources */,
				66F8FBC8281FBC6A005DB959 /* Frameworks */,
				66F8FBC9281FBC6A005DB959 /* Resources */,
			);
			buildRules = (
			);
			dependencies = (
			);
			name = CourseWork;
			productName = CourseWork;
			productReference = 66F8FBCB281FBC6A005DB959 /* CourseWork.app */;
			productType = "com.apple.product-type.application";
		};
		66F8FBDC281FBC6E005DB959 /* CourseWorkTests */ = {
			isa = PBXNativeTarget;
			buildConfigurationList = 66F8FBF4281FBC6E005DB959 /* Build configuration list for PBXNativeTarget "CourseWorkTests" */;
			buildPhases = (
				66F8FBD9281FBC6E005DB959 /* Sources */,
				66F8FBDA281FBC6E005DB959 /* Frameworks */,
				66F8FBDB281FBC6E005DB959 /* Resources */,
			);
			buildRules = (
			);
			dependencies = (
				66F8FBDF281FBC6E005DB959 /* PBXTargetDependency */,
			);
			name = CourseWorkTests;
			productName = CourseWorkTests;
			productReference = 66F8FBDD281FBC6E005DB959 /* CourseWorkTests.xctest */;
			productType = "com.apple.product-type.bundle.unit-test";
		};
		66F8FBE6281FBC6E005DB959 /* CourseWorkUITests */ = {
			isa = PBXNativeTarget;
			buildConfigurationList = 66F8FBF7281FBC6E005DB959 /* Build configuration list for PBXNativeTarget "CourseWorkUITests" */;
			buildPhases = (
				66F8FBE3281FBC6E005DB959 /* Sources */,
				66F8FBE4281FBC6E005DB959 /* Frameworks */,
				66F8FBE5281FBC6E005DB959 /* Resources */,
			);
			buildRules = (
			);
			dependencies = (
				66F8FBE9281FBC6E005DB959 /* PBXTargetDependency */,
			);
			name = CourseWorkUITests;
			productName = CourseWorkUITests;
			productReference = 66F8FBE7281FBC6E005DB959 /* CourseWorkUITests.xctest */;
			productType = "com.apple.product-type.bundle.ui-testing";
		};
/* End PBXNativeTarget section */

/* Begin PBXProject section */
		66F8FBC3281FBC6A005DB959 /* Project object */ = {
			isa = PBXProject;
			attributes = {
				BuildIndependentTargetsInParallel = 1;
				LastSwiftUpdateCheck = 1330;
				LastUpgradeCheck = 1330;
				TargetAttributes = {
					66F8FBCA281FBC6A005DB959 = {
						CreatedOnToolsVersion = 13.3.1;
					};
					66F8FBDC281FBC6E005DB959 = {
						CreatedOnToolsVersion = 13.3.1;
						TestTargetID = 66F8FBCA281FBC6A005DB959;
					};
					66F8FBE6281FBC6E005DB959 = {
						CreatedOnToolsVersion = 13.3.1;
						TestTargetID = 66F8FBCA281FBC6A005DB959;
					};
				};
			};
			buildConfigurationList = 66F8FBC6281FBC6A005DB959 /* Build configuration list for PBXProject "CourseWork" */;
			compatibilityVersion = "Xcode 13.0";
			developmentRegion = en;
			hasScannedForEncodings = 0;
			knownRegions = (
				en,
				Base,
			);
			mainGroup = 66F8FBC2281FBC6A005DB959;
			productRefGroup = 66F8FBCC281FBC6A005DB959 /* Products */;
			projectDirPath = "";
			projectRoot = "";
			targets = (
				66F8FBCA281FBC6A005DB959 /* CourseWork */,
				66F8FBDC281FBC6E005DB959 /* CourseWorkTests */,
				66F8FBE6281FBC6E005DB959 /* CourseWorkUITests */,
			);
		};
/* End PBXProject section */

/* Begin PBXResourcesBuildPhase section */
		66F8FBC9281FBC6A005DB959 /* Resources */ = {
			isa = PBXResourcesBuildPhase;
			buildActionMask = 2147483647;
			files = (
				66F8FBD8281FBC6E005DB959 /* Preview Assets.xcassets in Resources */,
				66F8FBD5281FBC6E005DB959 /* Assets.xcassets in Resources */,
			);
			runOnlyForDeploymentPostprocessing = 0;
		};
		66F8FBDB281FBC6E005DB959 /* Resources */ = {
			isa = PBXResourcesBuildPhase;
			buildActionMask = 2147483647;
			files = (
			);
			runOnlyForDeploymentPostprocessing = 0;
		};
		66F8FBE5281FBC6E005DB959 /* Resources */ = {
			isa = PBXResourcesBuildPhase;
			buildActionMask = 2147483647;
			files = (
			);
			runOnlyForDeploymentPostprocessing = 0;
		};
/* End PBXResourcesBuildPhase section */

/* Begin PBXSourcesBuildPhase section */
		66F8FBC7281FBC6A005DB959 /* Sources */ = {
			isa = PBXSourcesBuildPhase;
			buildActionMask = 2147483647;
			files = (
				66F8FBD1281FBC6A005DB959 /* ContentView.swift in Sources */,
				66F8FBCF281FBC6A005DB959 /* AppDelegate.swift in Sources */,
				66F8FBD3281FBC6A005DB959 /* Experience.rcproject in Sources */,
			);
			runOnlyForDeploymentPostprocessing = 0;
		};
		66F8FBD9281FBC6E005DB959 /* Sources */ = {
			isa = PBXSourcesBuildPhase;
			buildActionMask = 2147483647;
			files = (
				66F8FBE2281FBC6E005DB959 /* CourseWorkTests.swift in Sources */,
			);
			runOnlyForDeploymentPostprocessing = 0;
		};
		66F8FBE3281FBC6E005DB959 /* Sources */ = {
			isa = PBXSourcesBuildPhase;
			buildActionMask = 2147483647;
			files = (
				66F8FBEE281FBC6E005DB959 /* CourseWorkUITestsLaunchTests.swift in Sources */,
				66F8FBEC281FBC6E005DB959 /* CourseWorkUITests.swift in Sources */,
			);
			runOnlyForDeploymentPostprocessing = 0;
		};
/* End PBXSourcesBuildPhase section */

/* Begin PBXTargetDependency section */
		66F8FBDF281FBC6E005DB959 /* PBXTargetDependency */ = {
			isa = PBXTargetDependency;
			target = 66F8FBCA281FBC6A005DB959 /* CourseWork */;
			targetProxy = 66F8FBDE281FBC6E005DB959 /* PBXContainerItemProxy */;
		};
		66F8FBE9281FBC6E005DB959 /* PBXTargetDependency */ = {
			isa = PBXTargetDependency;
			target = 66F8FBCA281FBC6A005DB959 /* CourseWork */;
			targetProxy = 66F8FBE8281FBC6E005DB959 /* PBXContainerItemProxy */;
		};
/* End PBXTargetDependency section */

/* Begin XCBuildConfiguration section */
		66F8FBEF281FBC6E005DB959 /* Debug */ = {
			isa = XCBuildConfiguration;
			buildSettings = {
				ALWAYS_SEARCH_USER_PATHS = NO;
				CLANG_ANALYZER_NONNULL = YES;
				CLANG_ANALYZER_NUMBER_OBJECT_CONVERSION = YES_AGGRESSIVE;
				CLANG_CXX_LANGUAGE_STANDARD = "gnu++17";
				CLANG_ENABLE_MODULES = YES;
				CLANG_ENABLE_OBJC_ARC = YES;
				CLANG_ENABLE_OBJC_WEAK = YES;
				CLANG_WARN_BLOCK_CAPTURE_AUTORELEASING = YES;
				CLANG_WARN_BOOL_CONVERSION = YES;
				CLANG_WARN_COMMA = YES;
				CLANG_WARN_CONSTANT_CONVERSION = YES;
				CLANG_WARN_DEPRECATED_OBJC_IMPLEMENTATIONS = YES;
				CLANG_WARN_DIRECT_OBJC_ISA_USAGE = YES_ERROR;
				CLANG_WARN_DOCUMENTATION_COMMENTS = YES;
				CLANG_WARN_EMPTY_BODY = YES;
				CLANG_WARN_ENUM_CONVERSION = YES;
				CLANG_WARN_INFINITE_RECURSION = YES;
				CLANG_WARN_INT_CONVERSION = YES;
				CLANG_WARN_NON_LITERAL_NULL_CONVERSION = YES;
				CLANG_WARN_OBJC_IMPLICIT_RETAIN_SELF = YES;
				CLANG_WARN_OBJC_LITERAL_CONVERSION = YES;
				CLANG_WARN_OBJC_ROOT_CLASS = YES_ERROR;
				CLANG_WARN_QUOTED_INCLUDE_IN_FRAMEWORK_HEADER = YES;
				CLANG_WARN_RANGE_LOOP_ANALYSIS = YES;
				CLANG_WARN_STRICT_PROTOTYPES = YES;
				CLANG_WARN_SUSPICIOUS_MOVE = YES;
				CLANG_WARN_UNGUARDED_AVAILABILITY = YES_AGGRESSIVE;
				CLANG_WARN_UNREACHABLE_CODE = YES;
				CLANG_WARN__DUPLICATE_METHOD_MATCH = YES;
				COPY_PHASE_STRIP = NO;
				DEBUG_INFORMATION_FORMAT = dwarf;
				ENABLE_STRICT_OBJC_MSGSEND = YES;
				ENABLE_TESTABILITY = YES;
				GCC_C_LANGUAGE_STANDARD = gnu11;
				GCC_DYNAMIC_NO_PIC = NO;
				GCC_NO_COMMON_BLOCKS = YES;
				GCC_OPTIMIZATION_LEVEL = 0;
				GCC_PREPROCESSOR_DEFINITIONS = (
					"DEBUG=1",
					"$(inherited)",
				);
				GCC_WARN_64_TO_32_BIT_CONVERSION = YES;
				GCC_WARN_ABOUT_RETURN_TYPE = YES_ERROR;
				GCC_WARN_UNDECLARED_SELECTOR = YES;
				GCC_WARN_UNINITIALIZED_AUTOS = YES_AGGRESSIVE;
				GCC_WARN_UNUSED_FUNCTION = YES;
				GCC_WARN_UNUSED_VARIABLE = YES;
				IPHONEOS_DEPLOYMENT_TARGET = 15.4;
				MTL_ENABLE_DEBUG_INFO = INCLUDE_SOURCE;
				MTL_FAST_MATH = YES;
				ONLY_ACTIVE_ARCH = YES;
				SDKROOT = iphoneos;
				SWIFT_ACTIVE_COMPILATION_CONDITIONS = DEBUG;
				SWIFT_OPTIMIZATION_LEVEL = "-Onone";
			};
			name = Debug;
		};
		66F8FBF0281FBC6E005DB959 /* Release */ = {
			isa = XCBuildConfiguration;
			buildSettings = {
				ALWAYS_SEARCH_USER_PATHS = NO;
				CLANG_ANALYZER_NONNULL = YES;
				CLANG_ANALYZER_NUMBER_OBJECT_CONVERSION = YES_AGGRESSIVE;
				CLANG_CXX_LANGUAGE_STANDARD = "gnu++17";
				CLANG_ENABLE_MODULES = YES;
				CLANG_ENABLE_OBJC_ARC = YES;
				CLANG_ENABLE_OBJC_WEAK = YES;
				CLANG_WARN_BLOCK_CAPTURE_AUTORELEASING = YES;
				CLANG_WARN_BOOL_CONVERSION = YES;
				CLANG_WARN_COMMA = YES;
				CLANG_WARN_CONSTANT_CONVERSION = YES;
				CLANG_WARN_DEPRECATED_OBJC_IMPLEMENTATIONS = YES;
				CLANG_WARN_DIRECT_OBJC_ISA_USAGE = YES_ERROR;
				CLANG_WARN_DOCUMENTATION_COMMENTS = YES;
				CLANG_WARN_EMPTY_BODY = YES;
				CLANG_WARN_ENUM_CONVERSION = YES;
				CLANG_WARN_INFINITE_RECURSION = YES;
				CLANG_WARN_INT_CONVERSION = YES;
				CLANG_WARN_NON_LITERAL_NULL_CONVERSION = YES;
				CLANG_WARN_OBJC_IMPLICIT_RETAIN_SELF = YES;
				CLANG_WARN_OBJC_LITERAL_CONVERSION = YES;
				CLANG_WARN_OBJC_ROOT_CLASS = YES_ERROR;
				CLANG_WARN_QUOTED_INCLUDE_IN_FRAMEWORK_HEADER = YES;
				CLANG_WARN_RANGE_LOOP_ANALYSIS = YES;
				CLANG_WARN_STRICT_PROTOTYPES = YES;
				CLANG_WARN_SUSPICIOUS_MOVE = YES;
				CLANG_WARN_UNGUARDED_AVAILABILITY = YES_AGGRESSIVE;
				CLANG_WARN_UNREACHABLE_CODE = YES;
				CLANG_WARN__DUPLICATE_METHOD_MATCH = YES;
				COPY_PHASE_STRIP = NO;
				DEBUG_INFORMATION_FORMAT = "dwarf-with-dsym";
				ENABLE_NS_ASSERTIONS = NO;
				ENABLE_STRICT_OBJC_MSGSEND = YES;
				GCC_C_LANGUAGE_STANDARD = gnu11;
				GCC_NO_COMMON_BLOCKS = YES;
				GCC_WARN_64_TO_32_BIT_CONVERSION = YES;
				GCC_WARN_ABOUT_RETURN_TYPE = YES_ERROR;
				GCC_WARN_UNDECLARED_SELECTOR = YES;
				GCC_WARN_UNINITIALIZED_AUTOS = YES_AGGRESSIVE;
				GCC_WARN_UNUSED_FUNCTION = YES;
				GCC_WARN_UNUSED_VARIABLE = YES;
				IPHONEOS_DEPLOYMENT_TARGET = 15.4;
				MTL_ENABLE_DEBUG_INFO = NO;
				MTL_FAST_MATH = YES;
				SDKROOT = iphoneos;
				SWIFT_COMPILATION_MODE = wholemodule;
				SWIFT_OPTIMIZATION_LEVEL = "-O";
				VALIDATE_PRODUCT = YES;
			};
			name = Release;
		};
		66F8FBF2281FBC6E005DB959 /* Debug */ = {
			isa = XCBuildConfiguration;
			buildSettings = {
				ASSETCATALOG_COMPILER_APPICON_NAME = AppIcon;
				ASSETCATALOG_COMPILER_GLOBAL_ACCENT_COLOR_NAME = AccentColor;
				CODE_SIGN_STYLE = Automatic;
				CURRENT_PROJECT_VERSION = 1;
				DEVELOPMENT_ASSET_PATHS = "\"CourseWork/Preview Content\"";
				ENABLE_PREVIEWS = YES;
				GENERATE_INFOPLIST_FILE = YES;
				INFOPLIST_KEY_NSCameraUsageDescription = "";
				INFOPLIST_KEY_UIApplicationSupportsIndirectInputEvents = YES;
				INFOPLIST_KEY_UILaunchScreen_Generation = YES;
				INFOPLIST_KEY_UIRequiredDeviceCapabilities = arkit;
				INFOPLIST_KEY_UIStatusBarHidden = YES;
				INFOPLIST_KEY_UISupportedInterfaceOrientations_iPad = "UIInterfaceOrientationPortrait UIInterfaceOrientationPortraitUpsideDown UIInterfaceOrientationLandscapeLeft UIInterfaceOrientationLandscapeRight";
				INFOPLIST_KEY_UISupportedInterfaceOrientations_iPhone = "UIInterfaceOrientationPortrait UIInterfaceOrientationLandscapeLeft UIInterfaceOrientationLandscapeRight";
				LD_RUNPATH_SEARCH_PATHS = (
					"$(inherited)",
					"@executable_path/Frameworks",
				);
				MARKETING_VERSION = 1.0;
				PRODUCT_BUNDLE_IDENTIFIER = AndriiLandiak.CourseWork;
				PRODUCT_NAME = "$(TARGET_NAME)";
				SWIFT_EMIT_LOC_STRINGS = YES;
				SWIFT_VERSION = 5.0;
				TARGETED_DEVICE_FAMILY = "1,2";
			};
			name = Debug;
		};
		66F8FBF3281FBC6E005DB959 /* Release */ = {
			isa = XCBuildConfiguration;
			buildSettings = {
				ASSETCATALOG_COMPILER_APPICON_NAME = AppIcon;
				ASSETCATALOG_COMPILER_GLOBAL_ACCENT_COLOR_NAME = AccentColor;
				CODE_SIGN_STYLE = Automatic;
				CURRENT_PROJECT_VERSION = 1;
				DEVELOPMENT_ASSET_PATHS = "\"CourseWork/Preview Content\"";
				ENABLE_PREVIEWS = YES;
				GENERATE_INFOPLIST_FILE = YES;
				INFOPLIST_KEY_NSCameraUsageDescription = "";
				INFOPLIST_KEY_UIApplicationSupportsIndirectInputEvents = YES;
				INFOPLIST_KEY_UILaunchScreen_Generation = YES;
				INFOPLIST_KEY_UIRequiredDeviceCapabilities = arkit;
				INFOPLIST_KEY_UIStatusBarHidden = YES;
				INFOPLIST_KEY_UISupportedInterfaceOrientations_iPad = "UIInterfaceOrientationPortrait UIInterfaceOrientationPortraitUpsideDown UIInterfaceOrientationLandscapeLeft UIInterfaceOrientationLandscapeRight";
				INFOPLIST_KEY_UISupportedInterfaceOrientations_iPhone = "UIInterfaceOrientationPortrait UIInterfaceOrientationLandscapeLeft UIInterfaceOrientationLandscapeRight";
				LD_RUNPATH_SEARCH_PATHS = (
					"$(inherited)",
					"@executable_path/Frameworks",
				);
				MARKETING_VERSION = 1.0;
				PRODUCT_BUNDLE_IDENTIFIER = AndriiLandiak.CourseWork;
				PRODUCT_NAME = "$(TARGET_NAME)";
				SWIFT_EMIT_LOC_STRINGS = YES;
				SWIFT_VERSION = 5.0;
				TARGETED_DEVICE_FAMILY = "1,2";
			};
			name = Release;
		};
		66F8FBF5281FBC6E005DB959 /* Debug */ = {
			isa = XCBuildConfiguration;
			buildSettings = {
				ALWAYS_EMBED_SWIFT_STANDARD_LIBRARIES = YES;
				BUNDLE_LOADER = "$(TEST_HOST)";
				CODE_SIGN_STYLE = Automatic;
				CURRENT_PROJECT_VERSION = 1;
				GENERATE_INFOPLIST_FILE = YES;
				IPHONEOS_DEPLOYMENT_TARGET = 15.4;
				MARKETING_VERSION = 1.0;
				PRODUCT_BUNDLE_IDENTIFIER = AndriiLandiak.CourseWorkTests;
				PRODUCT_NAME = "$(TARGET_NAME)";
				SWIFT_EMIT_LOC_STRINGS = NO;
				SWIFT_VERSION = 5.0;
				TARGETED_DEVICE_FAMILY = "1,2";
				TEST_HOST = "$(BUILT_PRODUCTS_DIR)/CourseWork.app/CourseWork";
			};
			name = Debug;
		};
		66F8FBF6281FBC6E005DB959 /* Release */ = {
			isa = XCBuildConfiguration;
			buildSettings = {
				ALWAYS_EMBED_SWIFT_STANDARD_LIBRARIES = YES;
				BUNDLE_LOADER = "$(TEST_HOST)";
				CODE_SIGN_STYLE = Automatic;
				CURRENT_PROJECT_VERSION = 1;
				GENERATE_INFOPLIST_FILE = YES;
				IPHONEOS_DEPLOYMENT_TARGET = 15.4;
				MARKETING_VERSION = 1.0;
				PRODUCT_BUNDLE_IDENTIFIER = AndriiLandiak.CourseWorkTests;
				PRODUCT_NAME = "$(TARGET_NAME)";
				SWIFT_EMIT_LOC_STRINGS = NO;
				SWIFT_VERSION = 5.0;
				TARGETED_DEVICE_FAMILY = "1,2";
				TEST_HOST = "$(BUILT_PRODUCTS_DIR)/CourseWork.app/CourseWork";
			};
			name = Release;
		};
		66F8FBF8281FBC6E005DB959 /* Debug */ = {
			isa = XCBuildConfiguration;
			buildSettings = {
				ALWAYS_EMBED_SWIFT_STANDARD_LIBRARIES = YES;
				CODE_SIGN_STYLE = Automatic;
				CURRENT_PROJECT_VERSION = 1;
				GENERATE_INFOPLIST_FILE = YES;
				MARKETING_VERSION = 1.0;
				PRODUCT_BUNDLE_IDENTIFIER = AndriiLandiak.CourseWorkUITests;
				PRODUCT_NAME = "$(TARGET_NAME)";
				SWIFT_EMIT_LOC_STRINGS = NO;
				SWIFT_VERSION = 5.0;
				TARGETED_DEVICE_FAMILY = "1,2";
				TEST_TARGET_NAME = CourseWork;
			};
			name = Debug;
		};
		66F8FBF9281FBC6E005DB959 /* Release */ = {
			isa = XCBuildConfiguration;
			buildSettings = {
				ALWAYS_EMBED_SWIFT_STANDARD_LIBRARIES = YES;
				CODE_SIGN_STYLE = Automatic;
				CURRENT_PROJECT_VERSION = 1;
				GENERATE_INFOPLIST_FILE = YES;
				MARKETING_VERSION = 1.0;
				PRODUCT_BUNDLE_IDENTIFIER = AndriiLandiak.CourseWorkUITests;
				PRODUCT_NAME = "$(TARGET_NAME)";
				SWIFT_EMIT_LOC_STRINGS = NO;
				SWIFT_VERSION = 5.0;
				TARGETED_DEVICE_FAMILY = "1,2";
				TEST_TARGET_NAME = CourseWork;
			};
			name = Release;
		};
/* End XCBuildConfiguration section */

/* Begin XCConfigurationList section */
		66F8FBC6281FBC6A005DB959 /* Build configuration list for PBXProject "CourseWork" */ = {
			isa = XCConfigurationList;
			buildConfigurations = (
				66F8FBEF281FBC6E005DB959 /* Debug */,
				66F8FBF0281FBC6E005DB959 /* Release */,
			);
			defaultConfigurationIsVisible = 0;
			defaultConfigurationName = Release;
		};
		66F8FBF1281FBC6E005DB959 /* Build configuration list for PBXNativeTarget "CourseWork" */ = {
			isa = XCConfigurationList;
			buildConfigurations = (
				66F8FBF2281FBC6E005DB959 /* Debug */,
				66F8FBF3281FBC6E005DB959 /* Release */,
			);
			defaultConfigurationIsVisible = 0;
			defaultConfigurationName = Release;
		};
		66F8FBF4281FBC6E005DB959 /* Build configuration list for PBXNativeTarget "CourseWorkTests" */ = {
			isa = XCConfigurationList;
			buildConfigurations = (
				66F8FBF5281FBC6E005DB959 /* Debug */,
				66F8FBF6281FBC6E005DB959 /* Release */,
			);
			defaultConfigurationIsVisible = 0;
			defaultConfigurationName = Release;
		};
		66F8FBF7281FBC6E005DB959 /* Build configuration list for PBXNativeTarget "CourseWorkUITests" */ = {
			isa = XCConfigurationList;
			buildConfigurations = (
				66F8FBF8281FBC6E005DB959 /* Debug */,
				66F8FBF9281FBC6E005DB959 /* Release */,
			);
			defaultConfigurationIsVisible = 0;
			defaultConfigurationName = Release;
		};
/* End XCConfigurationList section */
	};
	rootObject = 66F8FBC3281FBC6A005DB959 /* Project object */;
}
