// !$*UTF8*$!
{
	archiveVersion = 1;
	classes = {
	};
	objectVersion = 55;
	objects = {

/* Begin PBXBuildFile section */
		66194A662829581200313B8D /* FirebaseAuth in Frameworks */ = {isa = PBXBuildFile; productRef = 66194A652829581200313B8D /* FirebaseAuth */; };
		66194A6A282960D300313B8D /* SignUpViewModel.swift in Sources */ = {isa = PBXBuildFile; fileRef = 66194A69282960D300313B8D /* SignUpViewModel.swift */; };
		669316D5282145D0001FE388 /* AnswerRow.swift in Sources */ = {isa = PBXBuildFile; fileRef = 669316D4282145D0001FE388 /* AnswerRow.swift */; };
		669316D82821460F001FE388 /* AnswerModel.swift in Sources */ = {isa = PBXBuildFile; fileRef = 669316D72821460F001FE388 /* AnswerModel.swift */; };
		669316DC28215274001FE388 /* toy_biplane.usdz in Resources */ = {isa = PBXBuildFile; fileRef = 669316D928215273001FE388 /* toy_biplane.usdz */; };
		669316DD28215274001FE388 /* toy_robot_vintage.usdz in Resources */ = {isa = PBXBuildFile; fileRef = 669316DA28215274001FE388 /* toy_robot_vintage.usdz */; };
		669316DE28215274001FE388 /* tv_retro.usdz in Resources */ = {isa = PBXBuildFile; fileRef = 669316DB28215274001FE388 /* tv_retro.usdz */; };
		669316E028226C51001FE388 /* QuestionModel.swift in Sources */ = {isa = PBXBuildFile; fileRef = 669316DF28226C51001FE388 /* QuestionModel.swift */; };
		669316E228226E3B001FE388 /* QuizManager.swift in Sources */ = {isa = PBXBuildFile; fileRef = 669316E128226E3B001FE388 /* QuizManager.swift */; };
		669316E4282279DC001FE388 /* EndGameView.swift in Sources */ = {isa = PBXBuildFile; fileRef = 669316E3282279DC001FE388 /* EndGameView.swift */; };
		6697D85C28290519008A346F /* ErrorView.swift in Sources */ = {isa = PBXBuildFile; fileRef = 6697D85B28290519008A346F /* ErrorView.swift */; };
		6697D85E2829052E008A346F /* Login.swift in Sources */ = {isa = PBXBuildFile; fileRef = 6697D85D2829052E008A346F /* Login.swift */; };
		6697D86028290537008A346F /* SignUp.swift in Sources */ = {isa = PBXBuildFile; fileRef = 6697D85F28290537008A346F /* SignUp.swift */; };
		6697D86D28290A5A008A346F /* GoogleService-Info.plist in Resources */ = {isa = PBXBuildFile; fileRef = 6697D86C28290A5A008A346F /* GoogleService-Info.plist */; };
		6697D87C282920F9008A346F /* AccountViewModel.swift in Sources */ = {isa = PBXBuildFile; fileRef = 6697D87B282920F9008A346F /* AccountViewModel.swift */; };
		6697D87F28292349008A346F /* ImagePicker.swift in Sources */ = {isa = PBXBuildFile; fileRef = 6697D87E28292349008A346F /* ImagePicker.swift */; };
		66F8FBCF281FBC6A005DB959 /* AppDelegate.swift in Sources */ = {isa = PBXBuildFile; fileRef = 66F8FBCE281FBC6A005DB959 /* AppDelegate.swift */; };
		66F8FBD1281FBC6A005DB959 /* Homescreen.swift in Sources */ = {isa = PBXBuildFile; fileRef = 66F8FBD0281FBC6A005DB959 /* Homescreen.swift */; };
		66F8FBD5281FBC6E005DB959 /* Assets.xcassets in Resources */ = {isa = PBXBuildFile; fileRef = 66F8FBD4281FBC6E005DB959 /* Assets.xcassets */; };
		66F8FBD8281FBC6E005DB959 /* Preview Assets.xcassets in Resources */ = {isa = PBXBuildFile; fileRef = 66F8FBD7281FBC6E005DB959 /* Preview Assets.xcassets */; };
		66F8FC02281FD60D005DB959 /* ARModel.swift in Sources */ = {isa = PBXBuildFile; fileRef = 66F8FC01281FD60D005DB959 /* ARModel.swift */; };
		66F8FC07281FDD26005DB959 /* CustomARView.swift in Sources */ = {isa = PBXBuildFile; fileRef = 66F8FC06281FDD25005DB959 /* CustomARView.swift */; };
		66F8FC0D2820077F005DB959 /* ModelPickerView.swift in Sources */ = {isa = PBXBuildFile; fileRef = 66F8FC0C2820077F005DB959 /* ModelPickerView.swift */; };
		66F8FC1028200ABF005DB959 /* ButtonPlacementView.swift in Sources */ = {isa = PBXBuildFile; fileRef = 66F8FC0F28200ABF005DB959 /* ButtonPlacementView.swift */; };
		66F8FC2F282129A5005DB959 /* MainARView.swift in Sources */ = {isa = PBXBuildFile; fileRef = 66F8FC2E282129A5005DB959 /* MainARView.swift */; };
		66F8FC3128212B63005DB959 /* AccountView.swift in Sources */ = {isa = PBXBuildFile; fileRef = 66F8FC3028212B62005DB959 /* AccountView.swift */; };
		66F8FC3328212B7A005DB959 /* QuizView.swift in Sources */ = {isa = PBXBuildFile; fileRef = 66F8FC3228212B7A005DB959 /* QuizView.swift */; };
		66F8FC37282137AD005DB959 /* PrimaryButton.swift in Sources */ = {isa = PBXBuildFile; fileRef = 66F8FC36282137AD005DB959 /* PrimaryButton.swift */; };
		66F8FC4328213CCA005DB959 /* FocusEntity in Frameworks */ = {isa = PBXBuildFile; productRef = 66F8FC4228213CCA005DB959 /* FocusEntity */; };
		66F8FC4B28213DE3005DB959 /* LearningView.swift in Sources */ = {isa = PBXBuildFile; fileRef = 66F8FC4A28213DE3005DB959 /* LearningView.swift */; };
		66F8FC4D28214292005DB959 /* Extentions.swift in Sources */ = {isa = PBXBuildFile; fileRef = 66F8FC4C28214292005DB959 /* Extentions.swift */; };
		66F8FC4F2821432D005DB959 /* QuestionView.swift in Sources */ = {isa = PBXBuildFile; fileRef = 66F8FC4E2821432D005DB959 /* QuestionView.swift */; };
		66F8FC51282143EE005DB959 /* ProgressBar.swift in Sources */ = {isa = PBXBuildFile; fileRef = 66F8FC50282143EE005DB959 /* ProgressBar.swift */; };
/* End PBXBuildFile section */

/* Begin PBXContainerItemProxy section */
		66F8FBDE281FBC6E005DB959 /* PBXContainerItemProxy */ = {
			isa = PBXContainerItemProxy;
			containerPortal = 66F8FBC3281FBC6A005DB959 /* Project object */;
			proxyType = 1;
			remoteGlobalIDString = 66F8FBCA281FBC6A005DB959;
			remoteInfo = CourseWork;
		};
		66F8FBE8281FBC6E005DB959 /* PBXContainerItemProxy */ = {
			isa = PBXContainerItemProxy;
			containerPortal = 66F8FBC3281FBC6A005DB959 /* Project object */;
			proxyType = 1;
			remoteGlobalIDString = 66F8FBCA281FBC6A005DB959;
			remoteInfo = CourseWork;
		};
/* End PBXContainerItemProxy section */

/* Begin PBXFileReference section */
		66194A69282960D300313B8D /* SignUpViewModel.swift */ = {isa = PBXFileReference; lastKnownFileType = sourcecode.swift; path = SignUpViewModel.swift; sourceTree = "<group>"; };
		669316D4282145D0001FE388 /* AnswerRow.swift */ = {isa = PBXFileReference; lastKnownFileType = sourcecode.swift; path = AnswerRow.swift; sourceTree = "<group>"; };
		669316D72821460F001FE388 /* AnswerModel.swift */ = {isa = PBXFileReference; lastKnownFileType = sourcecode.swift; path = AnswerModel.swift; sourceTree = "<group>"; };
		669316D928215273001FE388 /* toy_biplane.usdz */ = {isa = PBXFileReference; lastKnownFileType = file.usdz; path = toy_biplane.usdz; sourceTree = "<group>"; };
		669316DA28215274001FE388 /* toy_robot_vintage.usdz */ = {isa = PBXFileReference; lastKnownFileType = file.usdz; path = toy_robot_vintage.usdz; sourceTree = "<group>"; };
		669316DB28215274001FE388 /* tv_retro.usdz */ = {isa = PBXFileReference; lastKnownFileType = file.usdz; path = tv_retro.usdz; sourceTree = "<group>"; };
		669316DF28226C51001FE388 /* QuestionModel.swift */ = {isa = PBXFileReference; lastKnownFileType = sourcecode.swift; path = QuestionModel.swift; sourceTree = "<group>"; };
		669316E128226E3B001FE388 /* QuizManager.swift */ = {isa = PBXFileReference; lastKnownFileType = sourcecode.swift; path = QuizManager.swift; sourceTree = "<group>"; };
		669316E3282279DC001FE388 /* EndGameView.swift */ = {isa = PBXFileReference; lastKnownFileType = sourcecode.swift; path = EndGameView.swift; sourceTree = "<group>"; };
		6697D85B28290519008A346F /* ErrorView.swift */ = {isa = PBXFileReference; lastKnownFileType = sourcecode.swift; path = ErrorView.swift; sourceTree = "<group>"; };
		6697D85D2829052E008A346F /* Login.swift */ = {isa = PBXFileReference; lastKnownFileType = sourcecode.swift; path = Login.swift; sourceTree = "<group>"; };
		6697D85F28290537008A346F /* SignUp.swift */ = {isa = PBXFileReference; lastKnownFileType = sourcecode.swift; path = SignUp.swift; sourceTree = "<group>"; };
		6697D86C28290A5A008A346F /* GoogleService-Info.plist */ = {isa = PBXFileReference; fileEncoding = 4; lastKnownFileType = text.plist.xml; path = "GoogleService-Info.plist"; sourceTree = "<group>"; };
		6697D87B282920F9008A346F /* AccountViewModel.swift */ = {isa = PBXFileReference; lastKnownFileType = sourcecode.swift; path = AccountViewModel.swift; sourceTree = "<group>"; };
		6697D87E28292349008A346F /* ImagePicker.swift */ = {isa = PBXFileReference; lastKnownFileType = sourcecode.swift; path = ImagePicker.swift; sourceTree = "<group>"; };
		66F8FBCB281FBC6A005DB959 /* CourseWork.app */ = {isa = PBXFileReference; explicitFileType = wrapper.application; includeInIndex = 0; path = CourseWork.app; sourceTree = BUILT_PRODUCTS_DIR; };
		66F8FBCE281FBC6A005DB959 /* AppDelegate.swift */ = {isa = PBXFileReference; lastKnownFileType = sourcecode.swift; path = AppDelegate.swift; sourceTree = "<group>"; };
		66F8FBD0281FBC6A005DB959 /* Homescreen.swift */ = {isa = PBXFileReference; lastKnownFileType = sourcecode.swift; path = Homescreen.swift; sourceTree = "<group>"; };
		66F8FBD4281FBC6E005DB959 /* Assets.xcassets */ = {isa = PBXFileReference; lastKnownFileType = folder.assetcatalog; path = Assets.xcassets; sourceTree = "<group>"; };
		66F8FBD7281FBC6E005DB959 /* Preview Assets.xcassets */ = {isa = PBXFileReference; lastKnownFileType = folder.assetcatalog; path = "Preview Assets.xcassets"; sourceTree = "<group>"; };
		66F8FBDD281FBC6E005DB959 /* CourseWorkTests.xctest */ = {isa = PBXFileReference; explicitFileType = wrapper.cfbundle; includeInIndex = 0; path = CourseWorkTests.xctest; sourceTree = BUILT_PRODUCTS_DIR; };
		66F8FBE7281FBC6E005DB959 /* CourseWorkUITests.xctest */ = {isa = PBXFileReference; explicitFileType = wrapper.cfbundle; includeInIndex = 0; path = CourseWorkUITests.xctest; sourceTree = BUILT_PRODUCTS_DIR; };
		66F8FC01281FD60D005DB959 /* ARModel.swift */ = {isa = PBXFileReference; lastKnownFileType = sourcecode.swift; path = ARModel.swift; sourceTree = "<group>"; };
		66F8FC06281FDD25005DB959 /* CustomARView.swift */ = {isa = PBXFileReference; lastKnownFileType = sourcecode.swift; path = CustomARView.swift; sourceTree = "<group>"; };
		66F8FC0C2820077F005DB959 /* ModelPickerView.swift */ = {isa = PBXFileReference; lastKnownFileType = sourcecode.swift; path = ModelPickerView.swift; sourceTree = "<group>"; };
		66F8FC0F28200ABF005DB959 /* ButtonPlacementView.swift */ = {isa = PBXFileReference; lastKnownFileType = sourcecode.swift; path = ButtonPlacementView.swift; sourceTree = "<group>"; };
		66F8FC2E282129A5005DB959 /* MainARView.swift */ = {isa = PBXFileReference; lastKnownFileType = sourcecode.swift; path = MainARView.swift; sourceTree = "<group>"; };
		66F8FC3028212B62005DB959 /* AccountView.swift */ = {isa = PBXFileReference; lastKnownFileType = sourcecode.swift; path = AccountView.swift; sourceTree = "<group>"; };
		66F8FC3228212B7A005DB959 /* QuizView.swift */ = {isa = PBXFileReference; lastKnownFileType = sourcecode.swift; path = QuizView.swift; sourceTree = "<group>"; };
		66F8FC36282137AD005DB959 /* PrimaryButton.swift */ = {isa = PBXFileReference; lastKnownFileType = sourcecode.swift; path = PrimaryButton.swift; sourceTree = "<group>"; };
		66F8FC4A28213DE3005DB959 /* LearningView.swift */ = {isa = PBXFileReference; lastKnownFileType = sourcecode.swift; path = LearningView.swift; sourceTree = "<group>"; };
		66F8FC4C28214292005DB959 /* Extentions.swift */ = {isa = PBXFileReference; lastKnownFileType = sourcecode.swift; path = Extentions.swift; sourceTree = "<group>"; };
		66F8FC4E2821432D005DB959 /* QuestionView.swift */ = {isa = PBXFileReference; lastKnownFileType = sourcecode.swift; path = QuestionView.swift; sourceTree = "<group>"; };
		66F8FC50282143EE005DB959 /* ProgressBar.swift */ = {isa = PBXFileReference; lastKnownFileType = sourcecode.swift; path = ProgressBar.swift; sourceTree = "<group>"; };
/* End PBXFileReference section */

/* Begin PBXFrameworksBuildPhase section */
		66F8FBC8281FBC6A005DB959 /* Frameworks */ = {
			isa = PBXFrameworksBuildPhase;
			buildActionMask = 2147483647;
			files = (
				66F8FC4328213CCA005DB959 /* FocusEntity in Frameworks */,
				66194A662829581200313B8D /* FirebaseAuth in Frameworks */,
			);
			runOnlyForDeploymentPostprocessing = 0;
		};
		66F8FBDA281FBC6E005DB959 /* Frameworks */ = {
			isa = PBXFrameworksBuildPhase;
			buildActionMask = 2147483647;
			files = (
			);
			runOnlyForDeploymentPostprocessing = 0;
		};
		66F8FBE4281FBC6E005DB959 /* Frameworks */ = {
			isa = PBXFrameworksBuildPhase;
			buildActionMask = 2147483647;
			files = (
			);
			runOnlyForDeploymentPostprocessing = 0;
		};
/* End PBXFrameworksBuildPhase section */

/* Begin PBXGroup section */
		669316D6282145FB001FE388 /* Models */ = {
			isa = PBXGroup;
			children = (
				66F8FC01281FD60D005DB959 /* ARModel.swift */,
				669316D72821460F001FE388 /* AnswerModel.swift */,
				669316DF28226C51001FE388 /* QuestionModel.swift */,
			);
			path = Models;
			sourceTree = "<group>";
		};
		6697D85A28290204008A346F /* Authorization */ = {
			isa = PBXGroup;
			children = (
				6697D85B28290519008A346F /* ErrorView.swift */,
				6697D85D2829052E008A346F /* Login.swift */,
				6697D85F28290537008A346F /* SignUp.swift */,
				66194A69282960D300313B8D /* SignUpViewModel.swift */,
			);
			path = Authorization;
			sourceTree = "<group>";
		};
		6697D87D28292338008A346F /* Components */ = {
			isa = PBXGroup;
			children = (
				66F8FC4C28214292005DB959 /* Extentions.swift */,
				6697D87E28292349008A346F /* ImagePicker.swift */,
			);
			path = Components;
			sourceTree = "<group>";
		};
		66F8FBC2281FBC6A005DB959 = {
			isa = PBXGroup;
			children = (
				66F8FBCD281FBC6A005DB959 /* CourseWork */,
				66F8FBCC281FBC6A005DB959 /* Products */,
			);
			sourceTree = "<group>";
		};
		66F8FBCC281FBC6A005DB959 /* Products */ = {
			isa = PBXGroup;
			children = (
				66F8FBCB281FBC6A005DB959 /* CourseWork.app */,
				66F8FBDD281FBC6E005DB959 /* CourseWorkTests.xctest */,
				66F8FBE7281FBC6E005DB959 /* CourseWorkUITests.xctest */,
			);
			name = Products;
			sourceTree = "<group>";
		};
		66F8FBCD281FBC6A005DB959 /* CourseWork */ = {
			isa = PBXGroup;
			children = (
				66F8FBD0281FBC6A005DB959 /* Homescreen.swift */,
				66F8FC342821373D005DB959 /* Account */,
				66F8FC4928213DC7005DB959 /* Learning */,
				66F8FC352821374E005DB959 /* Quiz */,
				669316D6282145FB001FE388 /* Models */,
				6697D87D28292338008A346F /* Components */,
				66F8FBCE281FBC6A005DB959 /* AppDelegate.swift */,
				66F8FBD4281FBC6E005DB959 /* Assets.xcassets */,
				6697D86C28290A5A008A346F /* GoogleService-Info.plist */,
				66F8FBFA281FBF97005DB959 /* ARModels */,
				66F8FBD6281FBC6E005DB959 /* Preview Content */,
			);
			path = CourseWork;
			sourceTree = "<group>";
		};
		66F8FBD6281FBC6E005DB959 /* Preview Content */ = {
			isa = PBXGroup;
			children = (
				66F8FBD7281FBC6E005DB959 /* Preview Assets.xcassets */,
			);
			path = "Preview Content";
			sourceTree = "<group>";
		};
		66F8FBFA281FBF97005DB959 /* ARModels */ = {
			isa = PBXGroup;
			children = (
				669316D928215273001FE388 /* toy_biplane.usdz */,
				669316DA28215274001FE388 /* toy_robot_vintage.usdz */,
				669316DB28215274001FE388 /* tv_retro.usdz */,
			);
			path = ARModels;
			sourceTree = "<group>";
		};
		66F8FC0E28200AA8005DB959 /* ARViews */ = {
			isa = PBXGroup;
			children = (
				66F8FC2E282129A5005DB959 /* MainARView.swift */,
				66F8FC06281FDD25005DB959 /* CustomARView.swift */,
				66F8FC0C2820077F005DB959 /* ModelPickerView.swift */,
				66F8FC0F28200ABF005DB959 /* ButtonPlacementView.swift */,
			);
			path = ARViews;
			sourceTree = "<group>";
		};
		66F8FC342821373D005DB959 /* Account */ = {
			isa = PBXGroup;
			children = (
				6697D85A28290204008A346F /* Authorization */,
				66F8FC3028212B62005DB959 /* AccountView.swift */,
				6697D87B282920F9008A346F /* AccountViewModel.swift */,
			);
			path = Account;
			sourceTree = "<group>";
		};
		66F8FC352821374E005DB959 /* Quiz */ = {
			isa = PBXGroup;
			children = (
				66F8FC3228212B7A005DB959 /* QuizView.swift */,
				66F8FC4E2821432D005DB959 /* QuestionView.swift */,
				669316E3282279DC001FE388 /* EndGameView.swift */,
				66F8FC5228214561005DB959 /* Components */,
			);
			path = Quiz;
			sourceTree = "<group>";
		};
		66F8FC4928213DC7005DB959 /* Learning */ = {
			isa = PBXGroup;
			children = (
				66F8FC4A28213DE3005DB959 /* LearningView.swift */,
				66F8FC0E28200AA8005DB959 /* ARViews */,
			);
			path = Learning;
			sourceTree = "<group>";
		};
		66F8FC5228214561005DB959 /* Components */ = {
			isa = PBXGroup;
			children = (
				669316E128226E3B001FE388 /* QuizManager.swift */,
				66F8FC50282143EE005DB959 /* ProgressBar.swift */,
				66F8FC36282137AD005DB959 /* PrimaryButton.swift */,
				669316D4282145D0001FE388 /* AnswerRow.swift */,
			);
			path = Components;
			sourceTree = "<group>";
		};
/* End PBXGroup section */

/* Begin PBXNativeTarget section */
		66F8FBCA281FBC6A005DB959 /* CourseWork */ = {
			isa = PBXNativeTarget;
			buildConfigurationList = 66F8FBF1281FBC6E005DB959 /* Build configuration list for PBXNativeTarget "CourseWork" */;
			buildPhases = (
				66F8FBC7281FBC6A005DB959 /* Sources */,
				66F8FBC8281FBC6A005DB959 /* Frameworks */,
				66F8FBC9281FBC6A005DB959 /* Resources */,
			);
			buildRules = (
			);
			dependencies = (
			);
			name = CourseWork;
			packageProductDependencies = (
				66F8FC4228213CCA005DB959 /* FocusEntity */,
				66194A652829581200313B8D /* FirebaseAuth */,
			);
			productName = CourseWork;
			productReference = 66F8FBCB281FBC6A005DB959 /* CourseWork.app */;
			productType = "com.apple.product-type.application";
		};
		66F8FBDC281FBC6E005DB959 /* CourseWorkTests */ = {
			isa = PBXNativeTarget;
			buildConfigurationList = 66F8FBF4281FBC6E005DB959 /* Build configuration list for PBXNativeTarget "CourseWorkTests" */;
			buildPhases = (
				66F8FBD9281FBC6E005DB959 /* Sources */,
				66F8FBDA281FBC6E005DB959 /* Frameworks */,
				66F8FBDB281FBC6E005DB959 /* Resources */,
			);
			buildRules = (
			);
			dependencies = (
				66F8FBDF281FBC6E005DB959 /* PBXTargetDependency */,
			);
			name = CourseWorkTests;
			productName = CourseWorkTests;
			productReference = 66F8FBDD281FBC6E005DB959 /* CourseWorkTests.xctest */;
			productType = "com.apple.product-type.bundle.unit-test";
		};
		66F8FBE6281FBC6E005DB959 /* CourseWorkUITests */ = {
			isa = PBXNativeTarget;
			buildConfigurationList = 66F8FBF7281FBC6E005DB959 /* Build configuration list for PBXNativeTarget "CourseWorkUITests" */;
			buildPhases = (
				66F8FBE3281FBC6E005DB959 /* Sources */,
				66F8FBE4281FBC6E005DB959 /* Frameworks */,
				66F8FBE5281FBC6E005DB959 /* Resources */,
			);
			buildRules = (
			);
			dependencies = (
				66F8FBE9281FBC6E005DB959 /* PBXTargetDependency */,
			);
			name = CourseWorkUITests;
			productName = CourseWorkUITests;
			productReference = 66F8FBE7281FBC6E005DB959 /* CourseWorkUITests.xctest */;
			productType = "com.apple.product-type.bundle.ui-testing";
		};
/* End PBXNativeTarget section */

/* Begin PBXProject section */
		66F8FBC3281FBC6A005DB959 /* Project object */ = {
			isa = PBXProject;
			attributes = {
				BuildIndependentTargetsInParallel = 1;
				LastSwiftUpdateCheck = 1330;
				LastUpgradeCheck = 1330;
				TargetAttributes = {
					66F8FBCA281FBC6A005DB959 = {
						CreatedOnToolsVersion = 13.3.1;
					};
					66F8FBDC281FBC6E005DB959 = {
						CreatedOnToolsVersion = 13.3.1;
						TestTargetID = 66F8FBCA281FBC6A005DB959;
					};
					66F8FBE6281FBC6E005DB959 = {
						CreatedOnToolsVersion = 13.3.1;
						TestTargetID = 66F8FBCA281FBC6A005DB959;
					};
				};
			};
			buildConfigurationList = 66F8FBC6281FBC6A005DB959 /* Build configuration list for PBXProject "CourseWork" */;
			compatibilityVersion = "Xcode 13.0";
			developmentRegion = en;
			hasScannedForEncodings = 0;
			knownRegions = (
				en,
				Base,
			);
			mainGroup = 66F8FBC2281FBC6A005DB959;
			packageReferences = (
				66F8FC4128213CCA005DB959 /* XCRemoteSwiftPackageReference "FocusEntity" */,
				66194A642829581200313B8D /* XCRemoteSwiftPackageReference "firebase-ios-sdk" */,
			);
			productRefGroup = 66F8FBCC281FBC6A005DB959 /* Products */;
			projectDirPath = "";
			projectRoot = "";
			targets = (
				66F8FBCA281FBC6A005DB959 /* CourseWork */,
				66F8FBDC281FBC6E005DB959 /* CourseWorkTests */,
				66F8FBE6281FBC6E005DB959 /* CourseWorkUITests */,
			);
		};
/* End PBXProject section */

/* Begin PBXResourcesBuildPhase section */
		66F8FBC9281FBC6A005DB959 /* Resources */ = {
			isa = PBXResourcesBuildPhase;
			buildActionMask = 2147483647;
			files = (
				669316DD28215274001FE388 /* toy_robot_vintage.usdz in Resources */,
				669316DC28215274001FE388 /* toy_biplane.usdz in Resources */,
				66F8FBD8281FBC6E005DB959 /* Preview Assets.xcassets in Resources */,
				669316DE28215274001FE388 /* tv_retro.usdz in Resources */,
				66F8FBD5281FBC6E005DB959 /* Assets.xcassets in Resources */,
				6697D86D28290A5A008A346F /* GoogleService-Info.plist in Resources */,
			);
			runOnlyForDeploymentPostprocessing = 0;
		};
		66F8FBDB281FBC6E005DB959 /* Resources */ = {
			isa = PBXResourcesBuildPhase;
			buildActionMask = 2147483647;
			files = (
			);
			runOnlyForDeploymentPostprocessing = 0;
		};
		66F8FBE5281FBC6E005DB959 /* Resources */ = {
			isa = PBXResourcesBuildPhase;
			buildActionMask = 2147483647;
			files = (
			);
			runOnlyForDeploymentPostprocessing = 0;
		};
/* End PBXResourcesBuildPhase section */

/* Begin PBXSourcesBuildPhase section */
		66F8FBC7281FBC6A005DB959 /* Sources */ = {
			isa = PBXSourcesBuildPhase;
			buildActionMask = 2147483647;
			files = (
				6697D85E2829052E008A346F /* Login.swift in Sources */,
				66F8FC0D2820077F005DB959 /* ModelPickerView.swift in Sources */,
				6697D87F28292349008A346F /* ImagePicker.swift in Sources */,
				669316E4282279DC001FE388 /* EndGameView.swift in Sources */,
				6697D86028290537008A346F /* SignUp.swift in Sources */,
				66F8FC02281FD60D005DB959 /* ARModel.swift in Sources */,
				66F8FC37282137AD005DB959 /* PrimaryButton.swift in Sources */,
				6697D87C282920F9008A346F /* AccountViewModel.swift in Sources */,
				66F8FC3328212B7A005DB959 /* QuizView.swift in Sources */,
				669316E228226E3B001FE388 /* QuizManager.swift in Sources */,
				66F8FC2F282129A5005DB959 /* MainARView.swift in Sources */,
				66F8FC4B28213DE3005DB959 /* LearningView.swift in Sources */,
				66F8FC51282143EE005DB959 /* ProgressBar.swift in Sources */,
				669316D82821460F001FE388 /* AnswerModel.swift in Sources */,
				66F8FC4F2821432D005DB959 /* QuestionView.swift in Sources */,
				66F8FC1028200ABF005DB959 /* ButtonPlacementView.swift in Sources */,
				66F8FC3128212B63005DB959 /* AccountView.swift in Sources */,
				66F8FC4D28214292005DB959 /* Extentions.swift in Sources */,
				66F8FBD1281FBC6A005DB959 /* Homescreen.swift in Sources */,
				6697D85C28290519008A346F /* ErrorView.swift in Sources */,
				66F8FC07281FDD26005DB959 /* CustomARView.swift in Sources */,
				669316D5282145D0001FE388 /* AnswerRow.swift in Sources */,
				66194A6A282960D300313B8D /* SignUpViewModel.swift in Sources */,
				669316E028226C51001FE388 /* QuestionModel.swift in Sources */,
				66F8FBCF281FBC6A005DB959 /* AppDelegate.swift in Sources */,
			);
			runOnlyForDeploymentPostprocessing = 0;
		};
		66F8FBD9281FBC6E005DB959 /* Sources */ = {
			isa = PBXSourcesBuildPhase;
			buildActionMask = 2147483647;
			files = (
			);
			runOnlyForDeploymentPostprocessing = 0;
		};
		66F8FBE3281FBC6E005DB959 /* Sources */ = {
			isa = PBXSourcesBuildPhase;
			buildActionMask = 2147483647;
			files = (
			);
			runOnlyForDeploymentPostprocessing = 0;
		};
/* End PBXSourcesBuildPhase section */

/* Begin PBXTargetDependency section */
		66F8FBDF281FBC6E005DB959 /* PBXTargetDependency */ = {
			isa = PBXTargetDependency;
			target = 66F8FBCA281FBC6A005DB959 /* CourseWork */;
			targetProxy = 66F8FBDE281FBC6E005DB959 /* PBXContainerItemProxy */;
		};
		66F8FBE9281FBC6E005DB959 /* PBXTargetDependency */ = {
			isa = PBXTargetDependency;
			target = 66F8FBCA281FBC6A005DB959 /* CourseWork */;
			targetProxy = 66F8FBE8281FBC6E005DB959 /* PBXContainerItemProxy */;
		};
/* End PBXTargetDependency section */

/* Begin XCBuildConfiguration section */
		66F8FBEF281FBC6E005DB959 /* Debug */ = {
			isa = XCBuildConfiguration;
			buildSettings = {
				ALWAYS_SEARCH_USER_PATHS = NO;
				CLANG_ANALYZER_NONNULL = YES;
				CLANG_ANALYZER_NUMBER_OBJECT_CONVERSION = YES_AGGRESSIVE;
				CLANG_CXX_LANGUAGE_STANDARD = "gnu++17";
				CLANG_ENABLE_MODULES = YES;
				CLANG_ENABLE_OBJC_ARC = YES;
				CLANG_ENABLE_OBJC_WEAK = YES;
				CLANG_WARN_BLOCK_CAPTURE_AUTORELEASING = YES;
				CLANG_WARN_BOOL_CONVERSION = YES;
				CLANG_WARN_COMMA = YES;
				CLANG_WARN_CONSTANT_CONVERSION = YES;
				CLANG_WARN_DEPRECATED_OBJC_IMPLEMENTATIONS = YES;
				CLANG_WARN_DIRECT_OBJC_ISA_USAGE = YES_ERROR;
				CLANG_WARN_DOCUMENTATION_COMMENTS = YES;
				CLANG_WARN_EMPTY_BODY = YES;
				CLANG_WARN_ENUM_CONVERSION = YES;
				CLANG_WARN_INFINITE_RECURSION = YES;
				CLANG_WARN_INT_CONVERSION = YES;
				CLANG_WARN_NON_LITERAL_NULL_CONVERSION = YES;
				CLANG_WARN_OBJC_IMPLICIT_RETAIN_SELF = YES;
				CLANG_WARN_OBJC_LITERAL_CONVERSION = YES;
				CLANG_WARN_OBJC_ROOT_CLASS = YES_ERROR;
				CLANG_WARN_QUOTED_INCLUDE_IN_FRAMEWORK_HEADER = YES;
				CLANG_WARN_RANGE_LOOP_ANALYSIS = YES;
				CLANG_WARN_STRICT_PROTOTYPES = YES;
				CLANG_WARN_SUSPICIOUS_MOVE = YES;
				CLANG_WARN_UNGUARDED_AVAILABILITY = YES_AGGRESSIVE;
				CLANG_WARN_UNREACHABLE_CODE = YES;
				CLANG_WARN__DUPLICATE_METHOD_MATCH = YES;
				COPY_PHASE_STRIP = NO;
				DEBUG_INFORMATION_FORMAT = dwarf;
				ENABLE_STRICT_OBJC_MSGSEND = YES;
				ENABLE_TESTABILITY = YES;
				GCC_C_LANGUAGE_STANDARD = gnu11;
				GCC_DYNAMIC_NO_PIC = NO;
				GCC_NO_COMMON_BLOCKS = YES;
				GCC_OPTIMIZATION_LEVEL = 0;
				GCC_PREPROCESSOR_DEFINITIONS = (
					"DEBUG=1",
					"$(inherited)",
				);
				GCC_WARN_64_TO_32_BIT_CONVERSION = YES;
				GCC_WARN_ABOUT_RETURN_TYPE = YES_ERROR;
				GCC_WARN_UNDECLARED_SELECTOR = YES;
				GCC_WARN_UNINITIALIZED_AUTOS = YES_AGGRESSIVE;
				GCC_WARN_UNUSED_FUNCTION = YES;
				GCC_WARN_UNUSED_VARIABLE = YES;
				IPHONEOS_DEPLOYMENT_TARGET = 15.4;
				MTL_ENABLE_DEBUG_INFO = INCLUDE_SOURCE;
				MTL_FAST_MATH = YES;
				ONLY_ACTIVE_ARCH = YES;
				SDKROOT = iphoneos;
				SWIFT_ACTIVE_COMPILATION_CONDITIONS = DEBUG;
				SWIFT_OPTIMIZATION_LEVEL = "-Onone";
			};
			name = Debug;
		};
		66F8FBF0281FBC6E005DB959 /* Release */ = {
			isa = XCBuildConfiguration;
			buildSettings = {
				ALWAYS_SEARCH_USER_PATHS = NO;
				CLANG_ANALYZER_NONNULL = YES;
				CLANG_ANALYZER_NUMBER_OBJECT_CONVERSION = YES_AGGRESSIVE;
				CLANG_CXX_LANGUAGE_STANDARD = "gnu++17";
				CLANG_ENABLE_MODULES = YES;
				CLANG_ENABLE_OBJC_ARC = YES;
				CLANG_ENABLE_OBJC_WEAK = YES;
				CLANG_WARN_BLOCK_CAPTURE_AUTORELEASING = YES;
				CLANG_WARN_BOOL_CONVERSION = YES;
				CLANG_WARN_COMMA = YES;
				CLANG_WARN_CONSTANT_CONVERSION = YES;
				CLANG_WARN_DEPRECATED_OBJC_IMPLEMENTATIONS = YES;
				CLANG_WARN_DIRECT_OBJC_ISA_USAGE = YES_ERROR;
				CLANG_WARN_DOCUMENTATION_COMMENTS = YES;
				CLANG_WARN_EMPTY_BODY = YES;
				CLANG_WARN_ENUM_CONVERSION = YES;
				CLANG_WARN_INFINITE_RECURSION = YES;
				CLANG_WARN_INT_CONVERSION = YES;
				CLANG_WARN_NON_LITERAL_NULL_CONVERSION = YES;
				CLANG_WARN_OBJC_IMPLICIT_RETAIN_SELF = YES;
				CLANG_WARN_OBJC_LITERAL_CONVERSION = YES;
				CLANG_WARN_OBJC_ROOT_CLASS = YES_ERROR;
				CLANG_WARN_QUOTED_INCLUDE_IN_FRAMEWORK_HEADER = YES;
				CLANG_WARN_RANGE_LOOP_ANALYSIS = YES;
				CLANG_WARN_STRICT_PROTOTYPES = YES;
				CLANG_WARN_SUSPICIOUS_MOVE = YES;
				CLANG_WARN_UNGUARDED_AVAILABILITY = YES_AGGRESSIVE;
				CLANG_WARN_UNREACHABLE_CODE = YES;
				CLANG_WARN__DUPLICATE_METHOD_MATCH = YES;
				COPY_PHASE_STRIP = NO;
				DEBUG_INFORMATION_FORMAT = "dwarf-with-dsym";
				ENABLE_NS_ASSERTIONS = NO;
				ENABLE_STRICT_OBJC_MSGSEND = YES;
				GCC_C_LANGUAGE_STANDARD = gnu11;
				GCC_NO_COMMON_BLOCKS = YES;
				GCC_WARN_64_TO_32_BIT_CONVERSION = YES;
				GCC_WARN_ABOUT_RETURN_TYPE = YES_ERROR;
				GCC_WARN_UNDECLARED_SELECTOR = YES;
				GCC_WARN_UNINITIALIZED_AUTOS = YES_AGGRESSIVE;
				GCC_WARN_UNUSED_FUNCTION = YES;
				GCC_WARN_UNUSED_VARIABLE = YES;
				IPHONEOS_DEPLOYMENT_TARGET = 15.4;
				MTL_ENABLE_DEBUG_INFO = NO;
				MTL_FAST_MATH = YES;
				SDKROOT = iphoneos;
				SWIFT_COMPILATION_MODE = wholemodule;
				SWIFT_OPTIMIZATION_LEVEL = "-O";
				VALIDATE_PRODUCT = YES;
			};
			name = Release;
		};
		66F8FBF2281FBC6E005DB959 /* Debug */ = {
			isa = XCBuildConfiguration;
			buildSettings = {
				ASSETCATALOG_COMPILER_APPICON_NAME = AppIcon;
				ASSETCATALOG_COMPILER_GLOBAL_ACCENT_COLOR_NAME = AccentColor;
				CODE_SIGN_STYLE = Automatic;
				CURRENT_PROJECT_VERSION = 1;
				DEVELOPMENT_ASSET_PATHS = "\"CourseWork/Preview Content\"";
				DEVELOPMENT_TEAM = K6YJYNFCN4;
				ENABLE_PREVIEWS = YES;
				GENERATE_INFOPLIST_FILE = YES;
				INFOPLIST_KEY_NSCameraUsageDescription = "";
				INFOPLIST_KEY_UIApplicationSupportsIndirectInputEvents = YES;
				INFOPLIST_KEY_UILaunchScreen_Generation = YES;
				INFOPLIST_KEY_UIRequiredDeviceCapabilities = arkit;
				INFOPLIST_KEY_UIStatusBarHidden = YES;
				INFOPLIST_KEY_UISupportedInterfaceOrientations_iPad = "UIInterfaceOrientationPortrait UIInterfaceOrientationPortraitUpsideDown UIInterfaceOrientationLandscapeLeft UIInterfaceOrientationLandscapeRight";
				INFOPLIST_KEY_UISupportedInterfaceOrientations_iPhone = "UIInterfaceOrientationPortrait UIInterfaceOrientationLandscapeLeft UIInterfaceOrientationLandscapeRight";
				LD_RUNPATH_SEARCH_PATHS = (
					"$(inherited)",
					"@executable_path/Frameworks",
				);
				MARKETING_VERSION = 1.0;
				PRODUCT_BUNDLE_IDENTIFIER = AndriiLandiak.CourseWork;
				PRODUCT_NAME = "$(TARGET_NAME)";
				SWIFT_EMIT_LOC_STRINGS = YES;
				SWIFT_VERSION = 5.0;
				TARGETED_DEVICE_FAMILY = 1;
			};
			name = Debug;
		};
		66F8FBF3281FBC6E005DB959 /* Release */ = {
			isa = XCBuildConfiguration;
			buildSettings = {
				ASSETCATALOG_COMPILER_APPICON_NAME = AppIcon;
				ASSETCATALOG_COMPILER_GLOBAL_ACCENT_COLOR_NAME = AccentColor;
				CODE_SIGN_STYLE = Automatic;
				CURRENT_PROJECT_VERSION = 1;
				DEVELOPMENT_ASSET_PATHS = "\"CourseWork/Preview Content\"";
				DEVELOPMENT_TEAM = K6YJYNFCN4;
				ENABLE_PREVIEWS = YES;
				GENERATE_INFOPLIST_FILE = YES;
				INFOPLIST_KEY_NSCameraUsageDescription = "";
				INFOPLIST_KEY_UIApplicationSupportsIndirectInputEvents = YES;
				INFOPLIST_KEY_UILaunchScreen_Generation = YES;
				INFOPLIST_KEY_UIRequiredDeviceCapabilities = arkit;
				INFOPLIST_KEY_UIStatusBarHidden = YES;
				INFOPLIST_KEY_UISupportedInterfaceOrientations_iPad = "UIInterfaceOrientationPortrait UIInterfaceOrientationPortraitUpsideDown UIInterfaceOrientationLandscapeLeft UIInterfaceOrientationLandscapeRight";
				INFOPLIST_KEY_UISupportedInterfaceOrientations_iPhone = "UIInterfaceOrientationPortrait UIInterfaceOrientationLandscapeLeft UIInterfaceOrientationLandscapeRight";
				LD_RUNPATH_SEARCH_PATHS = (
					"$(inherited)",
					"@executable_path/Frameworks",
				);
				MARKETING_VERSION = 1.0;
				PRODUCT_BUNDLE_IDENTIFIER = AndriiLandiak.CourseWork;
				PRODUCT_NAME = "$(TARGET_NAME)";
				SWIFT_EMIT_LOC_STRINGS = YES;
				SWIFT_VERSION = 5.0;
				TARGETED_DEVICE_FAMILY = 1;
			};
			name = Release;
		};
		66F8FBF5281FBC6E005DB959 /* Debug */ = {
			isa = XCBuildConfiguration;
			buildSettings = {
				ALWAYS_EMBED_SWIFT_STANDARD_LIBRARIES = YES;
				BUNDLE_LOADER = "$(TEST_HOST)";
				CODE_SIGN_STYLE = Automatic;
				CURRENT_PROJECT_VERSION = 1;
				DEVELOPMENT_TEAM = K6YJYNFCN4;
				GENERATE_INFOPLIST_FILE = YES;
				IPHONEOS_DEPLOYMENT_TARGET = 15.4;
				MARKETING_VERSION = 1.0;
				PRODUCT_BUNDLE_IDENTIFIER = AndriiLandiak.CourseWorkTests;
				PRODUCT_NAME = "$(TARGET_NAME)";
				SWIFT_EMIT_LOC_STRINGS = NO;
				SWIFT_VERSION = 5.0;
				TARGETED_DEVICE_FAMILY = "1,2";
				TEST_HOST = "$(BUILT_PRODUCTS_DIR)/CourseWork.app/CourseWork";
			};
			name = Debug;
		};
		66F8FBF6281FBC6E005DB959 /* Release */ = {
			isa = XCBuildConfiguration;
			buildSettings = {
				ALWAYS_EMBED_SWIFT_STANDARD_LIBRARIES = YES;
				BUNDLE_LOADER = "$(TEST_HOST)";
				CODE_SIGN_STYLE = Automatic;
				CURRENT_PROJECT_VERSION = 1;
				DEVELOPMENT_TEAM = K6YJYNFCN4;
				GENERATE_INFOPLIST_FILE = YES;
				IPHONEOS_DEPLOYMENT_TARGET = 15.4;
				MARKETING_VERSION = 1.0;
				PRODUCT_BUNDLE_IDENTIFIER = AndriiLandiak.CourseWorkTests;
				PRODUCT_NAME = "$(TARGET_NAME)";
				SWIFT_EMIT_LOC_STRINGS = NO;
				SWIFT_VERSION = 5.0;
				TARGETED_DEVICE_FAMILY = "1,2";
				TEST_HOST = "$(BUILT_PRODUCTS_DIR)/CourseWork.app/CourseWork";
			};
			name = Release;
		};
		66F8FBF8281FBC6E005DB959 /* Debug */ = {
			isa = XCBuildConfiguration;
			buildSettings = {
				ALWAYS_EMBED_SWIFT_STANDARD_LIBRARIES = YES;
				CODE_SIGN_STYLE = Automatic;
				CURRENT_PROJECT_VERSION = 1;
				DEVELOPMENT_TEAM = K6YJYNFCN4;
				GENERATE_INFOPLIST_FILE = YES;
				MARKETING_VERSION = 1.0;
				PRODUCT_BUNDLE_IDENTIFIER = AndriiLandiak.CourseWorkUITests;
				PRODUCT_NAME = "$(TARGET_NAME)";
				SWIFT_EMIT_LOC_STRINGS = NO;
				SWIFT_VERSION = 5.0;
				TARGETED_DEVICE_FAMILY = "1,2";
				TEST_TARGET_NAME = CourseWork;
			};
			name = Debug;
		};
		66F8FBF9281FBC6E005DB959 /* Release */ = {
			isa = XCBuildConfiguration;
			buildSettings = {
				ALWAYS_EMBED_SWIFT_STANDARD_LIBRARIES = YES;
				CODE_SIGN_STYLE = Automatic;
				CURRENT_PROJECT_VERSION = 1;
				DEVELOPMENT_TEAM = K6YJYNFCN4;
				GENERATE_INFOPLIST_FILE = YES;
				MARKETING_VERSION = 1.0;
				PRODUCT_BUNDLE_IDENTIFIER = AndriiLandiak.CourseWorkUITests;
				PRODUCT_NAME = "$(TARGET_NAME)";
				SWIFT_EMIT_LOC_STRINGS = NO;
				SWIFT_VERSION = 5.0;
				TARGETED_DEVICE_FAMILY = "1,2";
				TEST_TARGET_NAME = CourseWork;
			};
			name = Release;
		};
/* End XCBuildConfiguration section */

/* Begin XCConfigurationList section */
		66F8FBC6281FBC6A005DB959 /* Build configuration list for PBXProject "CourseWork" */ = {
			isa = XCConfigurationList;
			buildConfigurations = (
				66F8FBEF281FBC6E005DB959 /* Debug */,
				66F8FBF0281FBC6E005DB959 /* Release */,
			);
			defaultConfigurationIsVisible = 0;
			defaultConfigurationName = Release;
		};
		66F8FBF1281FBC6E005DB959 /* Build configuration list for PBXNativeTarget "CourseWork" */ = {
			isa = XCConfigurationList;
			buildConfigurations = (
				66F8FBF2281FBC6E005DB959 /* Debug */,
				66F8FBF3281FBC6E005DB959 /* Release */,
			);
			defaultConfigurationIsVisible = 0;
			defaultConfigurationName = Release;
		};
		66F8FBF4281FBC6E005DB959 /* Build configuration list for PBXNativeTarget "CourseWorkTests" */ = {
			isa = XCConfigurationList;
			buildConfigurations = (
				66F8FBF5281FBC6E005DB959 /* Debug */,
				66F8FBF6281FBC6E005DB959 /* Release */,
			);
			defaultConfigurationIsVisible = 0;
			defaultConfigurationName = Release;
		};
		66F8FBF7281FBC6E005DB959 /* Build configuration list for PBXNativeTarget "CourseWorkUITests" */ = {
			isa = XCConfigurationList;
			buildConfigurations = (
				66F8FBF8281FBC6E005DB959 /* Debug */,
				66F8FBF9281FBC6E005DB959 /* Release */,
			);
			defaultConfigurationIsVisible = 0;
			defaultConfigurationName = Release;
		};
/* End XCConfigurationList section */

/* Begin XCRemoteSwiftPackageReference section */
		66194A642829581200313B8D /* XCRemoteSwiftPackageReference "firebase-ios-sdk" */ = {
			isa = XCRemoteSwiftPackageReference;
			repositoryURL = "https://github.com/firebase/firebase-ios-sdk.git";
			requirement = {
				kind = exactVersion;
				version = 9.0.0;
			};
		};
		66F8FC4128213CCA005DB959 /* XCRemoteSwiftPackageReference "FocusEntity" */ = {
			isa = XCRemoteSwiftPackageReference;
			repositoryURL = "https://github.com/maxxfrazer/FocusEntity";
			requirement = {
				kind = exactVersion;
				version = 2.2.0;
			};
		};
/* End XCRemoteSwiftPackageReference section */

/* Begin XCSwiftPackageProductDependency section */
		66194A652829581200313B8D /* FirebaseAuth */ = {
			isa = XCSwiftPackageProductDependency;
			package = 66194A642829581200313B8D /* XCRemoteSwiftPackageReference "firebase-ios-sdk" */;
			productName = FirebaseAuth;
		};
		66F8FC4228213CCA005DB959 /* FocusEntity */ = {
			isa = XCSwiftPackageProductDependency;
			package = 66F8FC4128213CCA005DB959 /* XCRemoteSwiftPackageReference "FocusEntity" */;
			productName = FocusEntity;
		};
/* End XCSwiftPackageProductDependency section */
	};
	rootObject = 66F8FBC3281FBC6A005DB959 /* Project object */;
}
